dependencies:
  node-sass: 4.13.1
  rollup: 1.31.1
devDependencies:
  '@rollup/plugin-typescript': 3.0.0_8d13472b527beb74a8383b26403ff925
  '@types/chrome': 0.0.96
  tslib: 1.10.0
  typescript: 3.7.5
lockfileVersion: 5.1
packages:
  /@rollup/plugin-typescript/3.0.0_8d13472b527beb74a8383b26403ff925:
    dependencies:
      '@rollup/pluginutils': 3.0.8_rollup@1.31.1
      resolve: 1.15.1
      rollup: 1.31.1
      tslib: 1.10.0
      typescript: 3.7.5
    dev: true
    engines:
      node: '>=8.0.0'
    peerDependencies:
      rollup: ^1.20.0
      tslib: '*'
      typescript: '>=2.1.0'
    resolution:
      integrity: sha512-O6915Ril3+Q0B4P898PULAcPFZfPuatEB/4nox7bnK48ekGrmamMYhMB5tOqWjihEWrw4oz/NL+c+/kS3Fk95g==
  /@rollup/pluginutils/3.0.8_rollup@1.31.1:
    dependencies:
      estree-walker: 1.0.1
      rollup: 1.31.1
    dev: true
    engines:
      node: '>= 8.0.0'
    peerDependencies:
      rollup: ^1.20.0
    resolution:
      integrity: sha512-rYGeAc4sxcZ+kPG/Tw4/fwJODC3IXHYDH4qusdN/b6aLw5LPUbzpecYbEJh4sVQGPFJxd2dBU4kc1H3oy9/bnw==
  /@types/chrome/0.0.96:
    dependencies:
      '@types/filesystem': 0.0.29
    dev: true
    resolution:
      integrity: sha512-0b5H9CoFnBe1yGrC/wVS+zYFR8M8iaIPcR11BeHJvqDiP344DW6F/5sEBIGFyKl++CWVcvhx+7JQVUIjGWSN5w==
  /@types/estree/0.0.42:
    resolution:
      integrity: sha512-K1DPVvnBCPxzD+G51/cxVIoc2X8uUVl1zpJeE6iKcgHMj4+tbat5Xu4TjV7v2QSDbIeAfLi2hIk+u2+s0MlpUQ==
  /@types/filesystem/0.0.29:
    dependencies:
      '@types/filewriter': 0.0.28
    dev: true
    resolution:
      integrity: sha512-85/1KfRedmfPGsbK8YzeaQUyV1FQAvMPMTuWFQ5EkLd2w7szhNO96bk3Rh/SKmOfd9co2rCLf0Voy4o7ECBOvw==
  /@types/filewriter/0.0.28:
    dev: true
    resolution:
      integrity: sha1-wFTor02d11205jq8dviFFocU1LM=
  /@types/node/13.7.4:
    resolution:
      integrity: sha512-oVeL12C6gQS/GAExndigSaLxTrKpQPxewx9bOcwfvJiJge4rr7wNaph4J+ns5hrmIV2as5qxqN8YKthn9qh0jw==
  /abbrev/1.1.1:
    dev: false
    resolution:
      integrity: sha512-nne9/IiQ/hzIhY6pdDnbBtz7DjPTKrY00P/zvPSm5pOFkl6xuGrGnXn/VtTNNfNtAfZ9/1RtehkszU9qcTii0Q==
  /acorn/7.1.0:
    engines:
      node: '>=0.4.0'
    hasBin: true
    resolution:
      integrity: sha512-kL5CuoXA/dgxlBbVrflsflzQ3PAas7RYZB52NOm/6839iVYJgKMJ3cQJD+t2i5+qFa8h3MDpEOJiS64E8JLnSQ==
  /ajv/6.11.0:
    dependencies:
      fast-deep-equal: 3.1.1
      fast-json-stable-stringify: 2.1.0
      json-schema-traverse: 0.4.1
      uri-js: 4.2.2
    dev: false
    resolution:
      integrity: sha512-nCprB/0syFYy9fVYU1ox1l2KN8S9I+tziH8D4zdZuLT3N6RMlGSGt5FSTpAiHB/Whv8Qs1cWHma1aMKZyaHRKA==
  /amdefine/1.0.1:
    dev: false
    engines:
      node: '>=0.4.2'
    resolution:
      integrity: sha1-SlKCrBZHKek2Gbz9OtFR+BfOkfU=
  /ansi-regex/2.1.1:
    dev: false
    engines:
      node: '>=0.10.0'
    resolution:
      integrity: sha1-w7M6te42DYbg5ijwRorn7yfWVN8=
  /ansi-styles/2.2.1:
    dev: false
    engines:
      node: '>=0.10.0'
    resolution:
      integrity: sha1-tDLdM1i2NM914eRmQ2gkBTPB3b4=
  /aproba/1.2.0:
    dev: false
    resolution:
      integrity: sha512-Y9J6ZjXtoYh8RnXVCMOU/ttDmk1aBjunq9vO0ta5x85WDQiQfUF9sIPBITdbiiIVcBo03Hi3jMxigBtsddlXRw==
  /are-we-there-yet/1.1.5:
    dependencies:
      delegates: 1.0.0
      readable-stream: 2.3.7
    dev: false
    resolution:
      integrity: sha512-5hYdAkZlcG8tOLujVDTgCT+uPX0VnpAH28gWsLfzpXYm7wP6mp5Q/gYyR7YQ0cKVJcXJnl3j2kpBan13PtQf6w==
  /array-find-index/1.0.2:
    dev: false
    engines:
      node: '>=0.10.0'
    resolution:
      integrity: sha1-3wEKoSh+Fku9pvlyOwqWoexBh6E=
  /asn1/0.2.4:
    dependencies:
      safer-buffer: 2.1.2
    dev: false
    resolution:
      integrity: sha512-jxwzQpLQjSmWXgwaCZE9Nz+glAG01yF1QnWgbhGwHI5A6FRIEY6IVqtHhIepHqI7/kyEyQEagBC5mBEFlIYvdg==
  /assert-plus/1.0.0:
    dev: false
    engines:
      node: '>=0.8'
    resolution:
      integrity: sha1-8S4PPF13sLHN2RRpQuTpbB5N1SU=
  /async-foreach/0.1.3:
    dev: false
    resolution:
      integrity: sha1-NhIfhFwFeBct5Bmpfb6x0W7DRUI=
  /asynckit/0.4.0:
    dev: false
    resolution:
      integrity: sha1-x57Zf380y48robyXkLzDZkdLS3k=
  /aws-sign2/0.7.0:
    dev: false
    resolution:
      integrity: sha1-tG6JCTSpWR8tL2+G1+ap8bP+dqg=
  /aws4/1.9.1:
    dev: false
    resolution:
      integrity: sha512-wMHVg2EOHaMRxbzgFJ9gtjOOCrI80OHLG14rxi28XwOW8ux6IiEbRCGGGqCtdAIg4FQCbW20k9RsT4y3gJlFug==
  /balanced-match/1.0.0:
    dev: false
    resolution:
      integrity: sha1-ibTRmasr7kneFk6gK4nORi1xt2c=
  /bcrypt-pbkdf/1.0.2:
    dependencies:
      tweetnacl: 0.14.5
    dev: false
    resolution:
      integrity: sha1-pDAdOJtqQ/m2f/PKEaP2Y342Dp4=
  /block-stream/0.0.9:
    dependencies:
      inherits: 2.0.4
    dev: false
    engines:
      node: 0.4 || >=0.5.8
    resolution:
      integrity: sha1-E+v+d4oDIFz+A3UUgeu0szAMEmo=
  /brace-expansion/1.1.11:
    dependencies:
      balanced-match: 1.0.0
      concat-map: 0.0.1
    dev: false
    resolution:
      integrity: sha512-iCuPHDFgrHX7H2vEI/5xpz07zSHB00TpugqhmYtVmMO6518mCuRMoOYFldEBl0g187ufozdaHgWKcYFb61qGiA==
  /camelcase-keys/2.1.0:
    dependencies:
      camelcase: 2.1.1
      map-obj: 1.0.1
    dev: false
    engines:
      node: '>=0.10.0'
    resolution:
      integrity: sha1-MIvur/3ygRkFHvodkyITyRuPkuc=
  /camelcase/2.1.1:
    dev: false
    engines:
      node: '>=0.10.0'
    resolution:
      integrity: sha1-fB0W1nmhu+WcoCys7PsBHiAfWh8=
  /camelcase/3.0.0:
    dev: false
    engines:
      node: '>=0.10.0'
    resolution:
      integrity: sha1-MvxLn82vhF/N9+c7uXysImHwqwo=
  /caseless/0.12.0:
    dev: false
    resolution:
      integrity: sha1-G2gcIf+EAzyCZUMJBolCDRhxUdw=
  /chalk/1.1.3:
    dependencies:
      ansi-styles: 2.2.1
      escape-string-regexp: 1.0.5
      has-ansi: 2.0.0
      strip-ansi: 3.0.1
      supports-color: 2.0.0
    dev: false
    engines:
      node: '>=0.10.0'
    resolution:
      integrity: sha1-qBFcVeSnAv5NFQq9OHKCKn4J/Jg=
  /cliui/3.2.0:
    dependencies:
      string-width: 1.0.2
      strip-ansi: 3.0.1
      wrap-ansi: 2.1.0
    dev: false
    resolution:
      integrity: sha1-EgYBU3qRbSmUD5NNo7SNWFo5IT0=
  /code-point-at/1.1.0:
    dev: false
    engines:
      node: '>=0.10.0'
    resolution:
      integrity: sha1-DQcLTQQ6W+ozovGkDi7bPZpMz3c=
  /combined-stream/1.0.8:
    dependencies:
      delayed-stream: 1.0.0
    dev: false
    engines:
      node: '>= 0.8'
    resolution:
      integrity: sha512-FQN4MRfuJeHf7cBbBMJFXhKSDq+2kAArBlmRBvcvFE5BB1HZKXtSFASDhdlz9zOYwxh8lDdnvmMOe/+5cdoEdg==
  /concat-map/0.0.1:
    dev: false
    resolution:
      integrity: sha1-2Klr13/Wjfd5OnMDajug1UBdR3s=
  /console-control-strings/1.1.0:
    dev: false
    resolution:
      integrity: sha1-PXz0Rk22RG6mRL9LOVB/mFEAjo4=
  /core-util-is/1.0.2:
    dev: false
    resolution:
      integrity: sha1-tf1UIgqivFq1eqtxQMlAdUUDwac=
  /cross-spawn/3.0.1:
    dependencies:
      lru-cache: 4.1.5
      which: 1.3.1
    dev: false
    resolution:
      integrity: sha1-ElYDfsufDF9549bvE14wdwGEuYI=
  /currently-unhandled/0.4.1:
    dependencies:
      array-find-index: 1.0.2
    dev: false
    engines:
      node: '>=0.10.0'
    resolution:
      integrity: sha1-mI3zP+qxke95mmE2nddsF635V+o=
  /dashdash/1.14.1:
    dependencies:
      assert-plus: 1.0.0
    dev: false
    engines:
      node: '>=0.10'
    resolution:
      integrity: sha1-hTz6D3y+L+1d4gMmuN1YEDX24vA=
  /decamelize/1.2.0:
    dev: false
    engines:
      node: '>=0.10.0'
    resolution:
      integrity: sha1-9lNNFRSCabIDUue+4m9QH5oZEpA=
  /delayed-stream/1.0.0:
    dev: false
    engines:
      node: '>=0.4.0'
    resolution:
      integrity: sha1-3zrhmayt+31ECqrgsp4icrJOxhk=
  /delegates/1.0.0:
    dev: false
    resolution:
      integrity: sha1-hMbhWbgZBP3KWaDvRM2HDTElD5o=
  /ecc-jsbn/0.1.2:
    dependencies:
      jsbn: 0.1.1
      safer-buffer: 2.1.2
    dev: false
    resolution:
      integrity: sha1-OoOpBOVDUyh4dMVkt1SThoSamMk=
  /error-ex/1.3.2:
    dependencies:
      is-arrayish: 0.2.1
    dev: false
    resolution:
      integrity: sha512-7dFHNmqeFSEt2ZBsCriorKnn3Z2pj+fd9kmI6QoWw4//DL+icEBfc0U7qJCisqrTsKTjw4fNFy2pW9OqStD84g==
  /escape-string-regexp/1.0.5:
    dev: false
    engines:
      node: '>=0.8.0'
    resolution:
      integrity: sha1-G2HAViGQqN/2rjuyzwIAyhMLhtQ=
  /estree-walker/1.0.1:
    dev: true
    resolution:
      integrity: sha512-1fMXF3YP4pZZVozF8j/ZLfvnR8NSIljt56UhbZ5PeeDmmGHpgpdwQt7ITlGvYaQukCvuBRMLEiKiYC+oeIg4cg==
  /extend/3.0.2:
    dev: false
    resolution:
      integrity: sha512-fjquC59cD7CyW6urNXK0FBufkZcoiGG80wTuPujX590cB5Ttln20E2UB4S/WARVqhXffZl2LNgS+gQdPIIim/g==
  /extsprintf/1.3.0:
    dev: false
    engines:
      '0': node >=0.6.0
    resolution:
      integrity: sha1-lpGEQOMEGnpBT4xS48V06zw+HgU=
  /fast-deep-equal/3.1.1:
    dev: false
    resolution:
      integrity: sha512-8UEa58QDLauDNfpbrX55Q9jrGHThw2ZMdOky5Gl1CDtVeJDPVrG4Jxx1N8jw2gkWaff5UUuX1KJd+9zGe2B+ZA==
  /fast-json-stable-stringify/2.1.0:
    dev: false
    resolution:
      integrity: sha512-lhd/wF+Lk98HZoTCtlVraHtfh5XYijIjalXck7saUtuanSDyLMxnHhSXEDJqHxD7msR8D0uCmqlkwjCV8xvwHw==
  /find-up/1.1.2:
    dependencies:
      path-exists: 2.1.0
      pinkie-promise: 2.0.1
    dev: false
    engines:
      node: '>=0.10.0'
    resolution:
      integrity: sha1-ay6YIrGizgpgq2TWEOzK1TyyTQ8=
  /forever-agent/0.6.1:
    dev: false
    resolution:
      integrity: sha1-+8cfDEGt6zf5bFd60e1C2P2sypE=
  /form-data/2.3.3:
    dependencies:
      asynckit: 0.4.0
      combined-stream: 1.0.8
      mime-types: 2.1.26
    dev: false
    engines:
      node: '>= 0.12'
    resolution:
      integrity: sha512-1lLKB2Mu3aGP1Q/2eCOx0fNbRMe7XdwktwOruhfqqd0rIJWwN4Dh+E3hrPSlDCXnSR7UtZ1N38rVXm+6+MEhJQ==
  /fs.realpath/1.0.0:
    dev: false
    resolution:
      integrity: sha1-FQStJSMVjKpA20onh8sBQRmU6k8=
  /fstream/1.0.12:
    dependencies:
      graceful-fs: 4.2.3
      inherits: 2.0.4
      mkdirp: 0.5.1
      rimraf: 2.7.1
    dev: false
    engines:
      node: '>=0.6'
    resolution:
      integrity: sha512-WvJ193OHa0GHPEL+AycEJgxvBEwyfRkN1vhjca23OaPVMCaLCXTd5qAu82AjTcgP1UJmytkOKb63Ypde7raDIg==
  /gauge/2.7.4:
    dependencies:
      aproba: 1.2.0
      console-control-strings: 1.1.0
      has-unicode: 2.0.1
      object-assign: 4.1.1
      signal-exit: 3.0.2
      string-width: 1.0.2
      strip-ansi: 3.0.1
      wide-align: 1.1.3
    dev: false
    resolution:
      integrity: sha1-LANAXHU4w51+s3sxcCLjJfsBi/c=
  /gaze/1.1.3:
    dependencies:
      globule: 1.3.1
    dev: false
    engines:
      node: '>= 4.0.0'
    resolution:
      integrity: sha512-BRdNm8hbWzFzWHERTrejLqwHDfS4GibPoq5wjTPIoJHoBtKGPg3xAFfxmM+9ztbXelxcf2hwQcaz1PtmFeue8g==
  /get-caller-file/1.0.3:
    dev: false
    resolution:
      integrity: sha512-3t6rVToeoZfYSGd8YoLFR2DJkiQrIiUrGcjvFX2mDw3bn6k2OtwHN0TNCLbBO+w8qTvimhDkv+LSscbJY1vE6w==
  /get-stdin/4.0.1:
    dev: false
    engines:
      node: '>=0.10.0'
    resolution:
      integrity: sha1-uWjGsKBDhDJJAui/Gl3zJXmkUP4=
  /getpass/0.1.7:
    dependencies:
      assert-plus: 1.0.0
    dev: false
    resolution:
      integrity: sha1-Xv+OPmhNVprkyysSgmBOi6YhSfo=
  /glob/7.1.6:
    dependencies:
      fs.realpath: 1.0.0
      inflight: 1.0.6
      inherits: 2.0.4
      minimatch: 3.0.4
      once: 1.4.0
      path-is-absolute: 1.0.1
    dev: false
    resolution:
      integrity: sha512-LwaxwyZ72Lk7vZINtNNrywX0ZuLyStrdDtabefZKAY5ZGJhVtgdznluResxNmPitE0SAO+O26sWTHeKSI2wMBA==
  /globule/1.3.1:
    dependencies:
      glob: 7.1.6
      lodash: 4.17.15
      minimatch: 3.0.4
    dev: false
    engines:
      node: '>= 0.10'
    resolution:
      integrity: sha512-OVyWOHgw29yosRHCHo7NncwR1hW5ew0W/UrvtwvjefVJeQ26q4/8r8FmPsSF1hJ93IgWkyv16pCTz6WblMzm/g==
  /graceful-fs/4.2.3:
    dev: false
    resolution:
      integrity: sha512-a30VEBm4PEdx1dRB7MFK7BejejvCvBronbLjht+sHuGYj8PHs7M/5Z+rt5lw551vZ7yfTCj4Vuyy3mSJytDWRQ==
  /har-schema/2.0.0:
    dev: false
    engines:
      node: '>=4'
    resolution:
      integrity: sha1-qUwiJOvKwEeCoNkDVSHyRzW37JI=
  /har-validator/5.1.3:
    dependencies:
      ajv: 6.11.0
      har-schema: 2.0.0
    dev: false
    engines:
      node: '>=6'
    resolution:
      integrity: sha512-sNvOCzEQNr/qrvJgc3UG/kD4QtlHycrzwS+6mfTrrSq97BvaYcPZZI1ZSqGSPR73Cxn4LKTD4PttRwfU7jWq5g==
  /has-ansi/2.0.0:
    dependencies:
      ansi-regex: 2.1.1
    dev: false
    engines:
      node: '>=0.10.0'
    resolution:
      integrity: sha1-NPUEnOHs3ysGSa8+8k5F7TVBbZE=
  /has-unicode/2.0.1:
    dev: false
    resolution:
      integrity: sha1-4Ob+aijPUROIVeCG0Wkedx3iqLk=
  /hosted-git-info/2.8.5:
    dev: false
    resolution:
      integrity: sha512-kssjab8CvdXfcXMXVcvsXum4Hwdq9XGtRD3TteMEvEbq0LXyiNQr6AprqKqfeaDXze7SxWvRxdpwE6ku7ikLkg==
  /http-signature/1.2.0:
    dependencies:
      assert-plus: 1.0.0
      jsprim: 1.4.1
      sshpk: 1.16.1
    dev: false
    engines:
      node: '>=0.8'
      npm: '>=1.3.7'
    resolution:
      integrity: sha1-muzZJRFHcvPZW2WmCruPfBj7rOE=
  /in-publish/2.0.0:
    dev: false
    hasBin: true
    resolution:
      integrity: sha1-4g/146KvwmkDILbcVSaCqcf631E=
  /indent-string/2.1.0:
    dependencies:
      repeating: 2.0.1
    dev: false
    engines:
      node: '>=0.10.0'
    resolution:
      integrity: sha1-ji1INIdCEhtKghi3oTfppSBJ3IA=
  /inflight/1.0.6:
    dependencies:
      once: 1.4.0
      wrappy: 1.0.2
    dev: false
    resolution:
      integrity: sha1-Sb1jMdfQLQwJvJEKEHW6gWW1bfk=
  /inherits/2.0.4:
    dev: false
    resolution:
      integrity: sha512-k/vGaX4/Yla3WzyMCvTQOXYeIHvqOKtnqBduzTHpzpQZzAskKMhZ2K+EnBiSM9zGSoIFeMpXKxa4dYeZIQqewQ==
  /invert-kv/1.0.0:
    dev: false
    engines:
      node: '>=0.10.0'
    resolution:
      integrity: sha1-EEqOSqym09jNFXqO+L+rLXo//bY=
  /is-arrayish/0.2.1:
    dev: false
    resolution:
      integrity: sha1-d8mYQFJ6qOyxqLppe4BkWnqSap0=
  /is-finite/1.1.0:
    dev: false
    engines:
      node: '>=0.10.0'
    resolution:
      integrity: sha512-cdyMtqX/BOqqNBBiKlIVkytNHm49MtMlYyn1zxzvJKWmFMlGzm+ry5BBfYyeY9YmNKbRSo/o7OX9w9ale0wg3w==
  /is-fullwidth-code-point/1.0.0:
    dependencies:
      number-is-nan: 1.0.1
    dev: false
    engines:
      node: '>=0.10.0'
    resolution:
      integrity: sha1-754xOG8DGn8NZDr4L95QxFfvAMs=
  /is-typedarray/1.0.0:
    dev: false
    resolution:
      integrity: sha1-5HnICFjfDBsR3dppQPlgEfzaSpo=
  /is-utf8/0.2.1:
    dev: false
    resolution:
      integrity: sha1-Sw2hRCEE0bM2NA6AeX6GXPOffXI=
  /isarray/1.0.0:
    dev: false
    resolution:
      integrity: sha1-u5NdSFgsuhaMBoNJV6VKPgcSTxE=
  /isexe/2.0.0:
    dev: false
    resolution:
      integrity: sha1-6PvzdNxVb/iUehDcsFctYz8s+hA=
  /isstream/0.1.2:
    dev: false
    resolution:
      integrity: sha1-R+Y/evVa+m+S4VAOaQ64uFKcCZo=
  /js-base64/2.5.2:
    dev: false
    resolution:
      integrity: sha512-Vg8czh0Q7sFBSUMWWArX/miJeBWYBPpdU/3M/DKSaekLMqrqVPaedp+5mZhie/r0lgrcaYBfwXatEew6gwgiQQ==
  /jsbn/0.1.1:
    dev: false
    resolution:
      integrity: sha1-peZUwuWi3rXyAdls77yoDA7y9RM=
  /json-schema-traverse/0.4.1:
    dev: false
    resolution:
      integrity: sha512-xbbCH5dCYU5T8LcEhhuh7HJ88HXuW3qsI3Y0zOZFKfZEHcpWiHU/Jxzk629Brsab/mMiHQti9wMP+845RPe3Vg==
  /json-schema/0.2.3:
    dev: false
    resolution:
      integrity: sha1-tIDIkuWaLwWVTOcnvT8qTogvnhM=
  /json-stringify-safe/5.0.1:
    dev: false
    resolution:
      integrity: sha1-Epai1Y/UXxmg9s4B1lcB4sc1tus=
  /jsprim/1.4.1:
    dependencies:
      assert-plus: 1.0.0
      extsprintf: 1.3.0
      json-schema: 0.2.3
      verror: 1.10.0
    dev: false
    engines:
      '0': node >=0.6.0
    resolution:
      integrity: sha1-MT5mvB5cwG5Di8G3SZwuXFastqI=
  /lcid/1.0.0:
    dependencies:
      invert-kv: 1.0.0
    dev: false
    engines:
      node: '>=0.10.0'
    resolution:
      integrity: sha1-MIrMr6C8SDo4Z7S28rlQYlHRuDU=
  /load-json-file/1.1.0:
    dependencies:
      graceful-fs: 4.2.3
      parse-json: 2.2.0
      pify: 2.3.0
      pinkie-promise: 2.0.1
      strip-bom: 2.0.0
    dev: false
    engines:
      node: '>=0.10.0'
    resolution:
      integrity: sha1-lWkFcI1YtLq0wiYbBPWfMcmTdMA=
  /lodash/4.17.15:
    dev: false
    resolution:
      integrity: sha512-8xOcRHvCjnocdS5cpwXQXVzmmh5e5+saE2QGoeQmbKmRS6J3VQppPOIt0MnmE+4xlZoumy0GPG0D0MVIQbNA1A==
  /loud-rejection/1.6.0:
    dependencies:
      currently-unhandled: 0.4.1
      signal-exit: 3.0.2
    dev: false
    engines:
      node: '>=0.10.0'
    resolution:
      integrity: sha1-W0b4AUft7leIcPCG0Eghz5mOVR8=
  /lru-cache/4.1.5:
    dependencies:
      pseudomap: 1.0.2
      yallist: 2.1.2
    dev: false
    resolution:
      integrity: sha512-sWZlbEP2OsHNkXrMl5GYk/jKk70MBng6UU4YI/qGDYbgf6YbP4EvmqISbXCoJiRKs+1bSpFHVgQxvJ17F2li5g==
  /map-obj/1.0.1:
    dev: false
    engines:
      node: '>=0.10.0'
    resolution:
      integrity: sha1-2TPOuSBdgr3PSIb2dCvcK03qFG0=
  /meow/3.7.0:
    dependencies:
      camelcase-keys: 2.1.0
      decamelize: 1.2.0
      loud-rejection: 1.6.0
      map-obj: 1.0.1
      minimist: 1.2.0
      normalize-package-data: 2.5.0
      object-assign: 4.1.1
      read-pkg-up: 1.0.1
      redent: 1.0.0
      trim-newlines: 1.0.0
    dev: false
    engines:
      node: '>=0.10.0'
    resolution:
      integrity: sha1-cstmi0JSKCkKu/qFaJJYcwioAfs=
  /mime-db/1.43.0:
    dev: false
    engines:
      node: '>= 0.6'
    resolution:
      integrity: sha512-+5dsGEEovYbT8UY9yD7eE4XTc4UwJ1jBYlgaQQF38ENsKR3wj/8q8RFZrF9WIZpB2V1ArTVFUva8sAul1NzRzQ==
  /mime-types/2.1.26:
    dependencies:
      mime-db: 1.43.0
    dev: false
    engines:
      node: '>= 0.6'
    resolution:
      integrity: sha512-01paPWYgLrkqAyrlDorC1uDwl2p3qZT7yl806vW7DvDoxwXi46jsjFbg+WdwotBIk6/MbEhO/dh5aZ5sNj/dWQ==
  /minimatch/3.0.4:
    dependencies:
      brace-expansion: 1.1.11
    dev: false
    resolution:
      integrity: sha512-yJHVQEhyqPLUTgt9B83PXu6W3rx4MvvHvSUvToogpwoGDOUQ+yDrR0HRot+yOCdCO7u4hX3pWft6kWBBcqh0UA==
  /minimist/0.0.8:
    dev: false
    resolution:
      integrity: sha1-hX/Kv8M5fSYluCKCYuhqp6ARsF0=
  /minimist/1.2.0:
    dev: false
    resolution:
      integrity: sha1-o1AIsg9BOD7sH7kU9M1d95omQoQ=
  /mkdirp/0.5.1:
    dependencies:
      minimist: 0.0.8
    dev: false
    hasBin: true
    resolution:
      integrity: sha1-MAV0OOrGz3+MR2fzhkjWaX11yQM=
  /nan/2.14.0:
    dev: false
    resolution:
      integrity: sha512-INOFj37C7k3AfaNTtX8RhsTw7qRy7eLET14cROi9+5HAVbbHuIWUHEauBv5qT4Av2tWasiTY1Jw6puUNqRJXQg==
  /node-gyp/3.8.0:
    dependencies:
      fstream: 1.0.12
      glob: 7.1.6
      graceful-fs: 4.2.3
      mkdirp: 0.5.1
      nopt: 3.0.6
      npmlog: 4.1.2
      osenv: 0.1.5
      request: 2.88.2
      rimraf: 2.7.1
      semver: 5.3.0
      tar: 2.2.2
      which: 1.3.1
    dev: false
    engines:
      node: '>= 0.8.0'
    hasBin: true
    resolution:
      integrity: sha512-3g8lYefrRRzvGeSowdJKAKyks8oUpLEd/DyPV4eMhVlhJ0aNaZqIrNUIPuEWWTAoPqyFkfGrM67MC69baqn6vA==
  /node-sass/4.13.1:
    dependencies:
      async-foreach: 0.1.3
      chalk: 1.1.3
      cross-spawn: 3.0.1
      gaze: 1.1.3
      get-stdin: 4.0.1
      glob: 7.1.6
      in-publish: 2.0.0
      lodash: 4.17.15
      meow: 3.7.0
      mkdirp: 0.5.1
      nan: 2.14.0
      node-gyp: 3.8.0
      npmlog: 4.1.2
      request: 2.88.2
      sass-graph: 2.2.4
      stdout-stream: 1.4.1
      true-case-path: 1.0.3
    dev: false
    engines:
      node: '>=0.10.0'
    hasBin: true
    requiresBuild: true
    resolution:
      integrity: sha512-TTWFx+ZhyDx1Biiez2nB0L3YrCZ/8oHagaDalbuBSlqXgUPsdkUSzJsVxeDO9LtPB49+Fh3WQl3slABo6AotNw==
  /nopt/3.0.6:
    dependencies:
      abbrev: 1.1.1
    dev: false
    hasBin: true
    resolution:
      integrity: sha1-xkZdvwirzU2zWTF/eaxopkayj/k=
  /normalize-package-data/2.5.0:
    dependencies:
      hosted-git-info: 2.8.5
      resolve: 1.15.1
      semver: 5.7.1
      validate-npm-package-license: 3.0.4
    dev: false
    resolution:
      integrity: sha512-/5CMN3T0R4XTj4DcGaexo+roZSdSFW/0AOOTROrjxzCG1wrWXEsGbRKevjlIL+ZDE4sZlJr5ED4YW0yqmkK+eA==
  /npmlog/4.1.2:
    dependencies:
      are-we-there-yet: 1.1.5
      console-control-strings: 1.1.0
      gauge: 2.7.4
      set-blocking: 2.0.0
    dev: false
    resolution:
      integrity: sha512-2uUqazuKlTaSI/dC8AzicUck7+IrEaOnN/e0jd3Xtt1KcGpwx30v50mL7oPyr/h9bL3E4aZccVwpwP+5W9Vjkg==
  /number-is-nan/1.0.1:
    dev: false
    engines:
      node: '>=0.10.0'
    resolution:
      integrity: sha1-CXtgK1NCKlIsGvuHkDGDNpQaAR0=
  /oauth-sign/0.9.0:
    dev: false
    resolution:
      integrity: sha512-fexhUFFPTGV8ybAtSIGbV6gOkSv8UtRbDBnAyLQw4QPKkgNlsH2ByPGtMUqdWkos6YCRmAqViwgZrJc/mRDzZQ==
  /object-assign/4.1.1:
    dev: false
    engines:
      node: '>=0.10.0'
    resolution:
      integrity: sha1-IQmtx5ZYh8/AXLvUQsrIv7s2CGM=
  /once/1.4.0:
    dependencies:
      wrappy: 1.0.2
    dev: false
    resolution:
      integrity: sha1-WDsap3WWHUsROsF9nFC6753Xa9E=
  /os-homedir/1.0.2:
    dev: false
    engines:
      node: '>=0.10.0'
    resolution:
      integrity: sha1-/7xJiDNuDoM94MFox+8VISGqf7M=
  /os-locale/1.4.0:
    dependencies:
      lcid: 1.0.0
    dev: false
    engines:
      node: '>=0.10.0'
    resolution:
      integrity: sha1-IPnxeuKe00XoveWDsT0gCYA8FNk=
  /os-tmpdir/1.0.2:
    dev: false
    engines:
      node: '>=0.10.0'
    resolution:
      integrity: sha1-u+Z0BseaqFxc/sdm/lc0VV36EnQ=
  /osenv/0.1.5:
    dependencies:
      os-homedir: 1.0.2
      os-tmpdir: 1.0.2
    dev: false
    resolution:
      integrity: sha512-0CWcCECdMVc2Rw3U5w9ZjqX6ga6ubk1xDVKxtBQPK7wis/0F2r9T6k4ydGYhecl7YUBxBVxhL5oisPsNxAPe2g==
  /parse-json/2.2.0:
    dependencies:
      error-ex: 1.3.2
    dev: false
    engines:
      node: '>=0.10.0'
    resolution:
      integrity: sha1-9ID0BDTvgHQfhGkJn43qGPVaTck=
  /path-exists/2.1.0:
    dependencies:
      pinkie-promise: 2.0.1
    dev: false
    engines:
      node: '>=0.10.0'
    resolution:
      integrity: sha1-D+tsZPD8UY2adU3V77YscCJ2H0s=
  /path-is-absolute/1.0.1:
    dev: false
    engines:
      node: '>=0.10.0'
    resolution:
      integrity: sha1-F0uSaHNVNP+8es5r9TpanhtcX18=
  /path-parse/1.0.6:
    resolution:
      integrity: sha512-GSmOT2EbHrINBf9SR7CDELwlJ8AENk3Qn7OikK4nFYAu3Ote2+JYNVvkpAEQm3/TLNEJFD/xZJjzyxg3KBWOzw==
  /path-type/1.1.0:
    dependencies:
      graceful-fs: 4.2.3
      pify: 2.3.0
      pinkie-promise: 2.0.1
    dev: false
    engines:
      node: '>=0.10.0'
    resolution:
      integrity: sha1-WcRPfuSR2nBNpBXaWkBwuk+P5EE=
  /performance-now/2.1.0:
    dev: false
    resolution:
      integrity: sha1-Ywn04OX6kT7BxpMHrjZLSzd8nns=
  /pify/2.3.0:
    dev: false
    engines:
      node: '>=0.10.0'
    resolution:
      integrity: sha1-7RQaasBDqEnqWISY59yosVMw6Qw=
  /pinkie-promise/2.0.1:
    dependencies:
      pinkie: 2.0.4
    dev: false
    engines:
      node: '>=0.10.0'
    resolution:
      integrity: sha1-ITXW36ejWMBprJsXh3YogihFD/o=
  /pinkie/2.0.4:
    dev: false
    engines:
      node: '>=0.10.0'
    resolution:
      integrity: sha1-clVrgM+g1IqXToDnckjoDtT3+HA=
  /process-nextick-args/2.0.1:
    dev: false
    resolution:
      integrity: sha512-3ouUOpQhtgrbOa17J7+uxOTpITYWaGP7/AhoR3+A+/1e9skrzelGi/dXzEYyvbxubEF6Wn2ypscTKiKJFFn1ag==
  /pseudomap/1.0.2:
    dev: false
    resolution:
      integrity: sha1-8FKijacOYYkX7wqKw0wa5aaChrM=
  /psl/1.7.0:
    dev: false
    resolution:
      integrity: sha512-5NsSEDv8zY70ScRnOTn7bK7eanl2MvFrOrS/R6x+dBt5g1ghnj9Zv90kO8GwT8gxcu2ANyFprnFYB85IogIJOQ==
  /punycode/2.1.1:
    dev: false
    engines:
      node: '>=6'
    resolution:
      integrity: sha512-XRsRjdf+j5ml+y/6GKHPZbrF/8p2Yga0JPtdqTIY2Xe5ohJPD9saDJJLPvp9+NSBprVvevdXZybnj2cv8OEd0A==
  /qs/6.5.2:
    dev: false
    engines:
      node: '>=0.6'
    resolution:
      integrity: sha512-N5ZAX4/LxJmF+7wN74pUD6qAh9/wnvdQcjq9TZjevvXzSUo7bfmw91saqMjzGS2xq91/odN2dW/WOl7qQHNDGA==
  /read-pkg-up/1.0.1:
    dependencies:
      find-up: 1.1.2
      read-pkg: 1.1.0
    dev: false
    engines:
      node: '>=0.10.0'
    resolution:
      integrity: sha1-nWPBMnbAZZGNV/ACpX9AobZD+wI=
  /read-pkg/1.1.0:
    dependencies:
      load-json-file: 1.1.0
      normalize-package-data: 2.5.0
      path-type: 1.1.0
    dev: false
    engines:
      node: '>=0.10.0'
    resolution:
      integrity: sha1-9f+qXs0pyzHAR0vKfXVra7KePyg=
  /readable-stream/2.3.7:
    dependencies:
      core-util-is: 1.0.2
      inherits: 2.0.4
      isarray: 1.0.0
      process-nextick-args: 2.0.1
      safe-buffer: 5.1.2
      string_decoder: 1.1.1
      util-deprecate: 1.0.2
    dev: false
    resolution:
      integrity: sha512-Ebho8K4jIbHAxnuxi7o42OrZgF/ZTNcsZj6nRKyUmkhLFq8CHItp/fy6hQZuZmP/n3yZ9VBUbp4zz/mX8hmYPw==
  /redent/1.0.0:
    dependencies:
      indent-string: 2.1.0
      strip-indent: 1.0.1
    dev: false
    engines:
      node: '>=0.10.0'
    resolution:
      integrity: sha1-z5Fqsf1fHxbfsggi3W7H9zDCr94=
  /repeating/2.0.1:
    dependencies:
      is-finite: 1.1.0
    dev: false
    engines:
      node: '>=0.10.0'
    resolution:
      integrity: sha1-UhTFOpJtNVJwdSf7q0FdvAjQbdo=
  /request/2.88.2:
    dependencies:
      aws-sign2: 0.7.0
      aws4: 1.9.1
      caseless: 0.12.0
      combined-stream: 1.0.8
      extend: 3.0.2
      forever-agent: 0.6.1
      form-data: 2.3.3
      har-validator: 5.1.3
      http-signature: 1.2.0
      is-typedarray: 1.0.0
      isstream: 0.1.2
      json-stringify-safe: 5.0.1
      mime-types: 2.1.26
      oauth-sign: 0.9.0
      performance-now: 2.1.0
      qs: 6.5.2
      safe-buffer: 5.2.0
      tough-cookie: 2.5.0
      tunnel-agent: 0.6.0
      uuid: 3.4.0
    deprecated: 'request has been deprecated, see https://github.com/request/request/issues/3142'
    dev: false
    engines:
      node: '>= 6'
    resolution:
      integrity: sha512-MsvtOrfG9ZcrOwAW+Qi+F6HbD0CWXEh9ou77uOb7FM2WPhwT7smM833PzanhJLsgXjN89Ir6V2PczXNnMpwKhw==
  /require-directory/2.1.1:
    dev: false
    engines:
      node: '>=0.10.0'
    resolution:
      integrity: sha1-jGStX9MNqxyXbiNE/+f3kqam30I=
  /require-main-filename/1.0.1:
    dev: false
    resolution:
      integrity: sha1-l/cXtp1IeE9fUmpsWqj/3aBVpNE=
  /resolve/1.15.1:
    dependencies:
      path-parse: 1.0.6
    resolution:
      integrity: sha512-84oo6ZTtoTUpjgNEr5SJyzQhzL72gaRodsSfyxC/AXRvwu0Yse9H8eF9IpGo7b8YetZhlI6v7ZQ6bKBFV/6S7w==
  /rimraf/2.7.1:
    dependencies:
      glob: 7.1.6
    dev: false
    hasBin: true
    resolution:
      integrity: sha512-uWjbaKIK3T1OSVptzX7Nl6PvQ3qAGtKEtVRjRuazjfL3Bx5eI409VZSqgND+4UNnmzLVdPj9FqFJNPqBZFve4w==
  /rollup/1.31.1:
    dependencies:
      '@types/estree': 0.0.42
      '@types/node': 13.7.4
      acorn: 7.1.0
    hasBin: true
    resolution:
      integrity: sha512-2JREN1YdrS/kpPzEd33ZjtuNbOuBC3ePfuZBdKEybvqcEcszW1ckyVqzcEiEe0nE8sqHK+pbJg+PsAgRJ8+1dg==
  /safe-buffer/5.1.2:
    dev: false
    resolution:
      integrity: sha512-Gd2UZBJDkXlY7GbJxfsE8/nvKkUEU1G38c1siN6QP6a9PT9MmHB8GnpscSmMJSoF8LOIrt8ud/wPtojys4G6+g==
  /safe-buffer/5.2.0:
    dev: false
    resolution:
      integrity: sha512-fZEwUGbVl7kouZs1jCdMLdt95hdIv0ZeHg6L7qPeciMZhZ+/gdesW4wgTARkrFWEpspjEATAzUGPG8N2jJiwbg==
  /safer-buffer/2.1.2:
    dev: false
    resolution:
      integrity: sha512-YZo3K82SD7Riyi0E1EQPojLz7kpepnSQI9IyPbHHg1XXXevb5dJI7tpyN2ADxGcQbHG7vcyRHk0cbwqcQriUtg==
  /sass-graph/2.2.4:
    dependencies:
      glob: 7.1.6
      lodash: 4.17.15
      scss-tokenizer: 0.2.3
      yargs: 7.1.0
    dev: false
    hasBin: true
    resolution:
      integrity: sha1-E/vWPNHK8JCLn9k0dq1DpR0eC0k=
  /scss-tokenizer/0.2.3:
    dependencies:
      js-base64: 2.5.2
      source-map: 0.4.4
    dev: false
    resolution:
      integrity: sha1-jrBtualyMzOCTT9VMGQRSYR85dE=
  /semver/5.3.0:
    dev: false
    hasBin: true
    resolution:
      integrity: sha1-myzl094C0XxgEq0yaqa00M9U+U8=
  /semver/5.7.1:
    dev: false
    hasBin: true
    resolution:
      integrity: sha512-sauaDf/PZdVgrLTNYHRtpXa1iRiKcaebiKQ1BJdpQlWH2lCvexQdX55snPFyK7QzpudqbCI0qXFfOasHdyNDGQ==
  /set-blocking/2.0.0:
    dev: false
    resolution:
      integrity: sha1-BF+XgtARrppoA93TgrJDkrPYkPc=
  /signal-exit/3.0.2:
    dev: false
    resolution:
      integrity: sha1-tf3AjxKH6hF4Yo5BXiUTK3NkbG0=
  /source-map/0.4.4:
    dependencies:
      amdefine: 1.0.1
    dev: false
    engines:
      node: '>=0.8.0'
    resolution:
      integrity: sha1-66T12pwNyZneaAMti092FzZSA2s=
  /spdx-correct/3.1.0:
    dependencies:
      spdx-expression-parse: 3.0.0
      spdx-license-ids: 3.0.5
    dev: false
    resolution:
      integrity: sha512-lr2EZCctC2BNR7j7WzJ2FpDznxky1sjfxvvYEyzxNyb6lZXHODmEoJeFu4JupYlkfha1KZpJyoqiJ7pgA1qq8Q==
  /spdx-exceptions/2.2.0:
    dev: false
    resolution:
      integrity: sha512-2XQACfElKi9SlVb1CYadKDXvoajPgBVPn/gOQLrTvHdElaVhr7ZEbqJaRnJLVNeaI4cMEAgVCeBMKF6MWRDCRA==
  /spdx-expression-parse/3.0.0:
    dependencies:
      spdx-exceptions: 2.2.0
      spdx-license-ids: 3.0.5
    dev: false
    resolution:
      integrity: sha512-Yg6D3XpRD4kkOmTpdgbUiEJFKghJH03fiC1OPll5h/0sO6neh2jqRDVHOQ4o/LMea0tgCkbMgea5ip/e+MkWyg==
  /spdx-license-ids/3.0.5:
    dev: false
    resolution:
      integrity: sha512-J+FWzZoynJEXGphVIS+XEh3kFSjZX/1i9gFBaWQcB+/tmpe2qUsSBABpcxqxnAxFdiUFEgAX1bjYGQvIZmoz9Q==
  /sshpk/1.16.1:
    dependencies:
      asn1: 0.2.4
      assert-plus: 1.0.0
      bcrypt-pbkdf: 1.0.2
      dashdash: 1.14.1
      ecc-jsbn: 0.1.2
      getpass: 0.1.7
      jsbn: 0.1.1
      safer-buffer: 2.1.2
      tweetnacl: 0.14.5
    dev: false
    engines:
      node: '>=0.10.0'
    hasBin: true
    resolution:
      integrity: sha512-HXXqVUq7+pcKeLqqZj6mHFUMvXtOJt1uoUx09pFW6011inTMxqI8BA8PM95myrIyyKwdnzjdFjLiE6KBPVtJIg==
  /stdout-stream/1.4.1:
    dependencies:
      readable-stream: 2.3.7
    dev: false
    resolution:
      integrity: sha512-j4emi03KXqJWcIeF8eIXkjMFN1Cmb8gUlDYGeBALLPo5qdyTfA9bOtl8m33lRoC+vFMkP3gl0WsDr6+gzxbbTA==
  /string-width/1.0.2:
    dependencies:
      code-point-at: 1.1.0
      is-fullwidth-code-point: 1.0.0
      strip-ansi: 3.0.1
    dev: false
    engines:
      node: '>=0.10.0'
    resolution:
      integrity: sha1-EYvfW4zcUaKn5w0hHgfisLmxB9M=
  /string_decoder/1.1.1:
    dependencies:
      safe-buffer: 5.1.2
    dev: false
    resolution:
      integrity: sha512-n/ShnvDi6FHbbVfviro+WojiFzv+s8MPMHBczVePfUpDJLwoLT0ht1l4YwBCbi8pJAveEEdnkHyPyTP/mzRfwg==
  /strip-ansi/3.0.1:
    dependencies:
      ansi-regex: 2.1.1
    dev: false
    engines:
      node: '>=0.10.0'
    resolution:
      integrity: sha1-ajhfuIU9lS1f8F0Oiq+UJ43GPc8=
  /strip-bom/2.0.0:
    dependencies:
      is-utf8: 0.2.1
    dev: false
    engines:
      node: '>=0.10.0'
    resolution:
      integrity: sha1-YhmoVhZSBJHzV4i9vxRHqZx+aw4=
  /strip-indent/1.0.1:
    dependencies:
      get-stdin: 4.0.1
    dev: false
    engines:
      node: '>=0.10.0'
    hasBin: true
    resolution:
      integrity: sha1-DHlipq3vp7vUrDZkYKY4VSrhoKI=
  /supports-color/2.0.0:
    dev: false
    engines:
      node: '>=0.8.0'
    resolution:
      integrity: sha1-U10EXOa2Nj+kARcIRimZXp3zJMc=
  /tar/2.2.2:
    dependencies:
      block-stream: 0.0.9
      fstream: 1.0.12
      inherits: 2.0.4
    dev: false
    resolution:
      integrity: sha512-FCEhQ/4rE1zYv9rYXJw/msRqsnmlje5jHP6huWeBZ704jUTy02c5AZyWujpMR1ax6mVw9NyJMfuK2CMDWVIfgA==
  /tough-cookie/2.5.0:
    dependencies:
      psl: 1.7.0
      punycode: 2.1.1
    dev: false
    engines:
      node: '>=0.8'
    resolution:
      integrity: sha512-nlLsUzgm1kfLXSXfRZMc1KLAugd4hqJHDTvc2hDIwS3mZAfMEuMbc03SujMF+GEcpaX/qboeycw6iO8JwVv2+g==
  /trim-newlines/1.0.0:
    dev: false
    engines:
      node: '>=0.10.0'
    resolution:
      integrity: sha1-WIeWa7WCpFA6QetST301ARgVphM=
  /true-case-path/1.0.3:
    dependencies:
      glob: 7.1.6
    dev: false
    resolution:
      integrity: sha512-m6s2OdQe5wgpFMC+pAJ+q9djG82O2jcHPOI6RNg1yy9rCYR+WD6Nbpl32fDpfC56nirdRy+opFa/Vk7HYhqaew==
  /tslib/1.10.0:
    dev: true
    resolution:
      integrity: sha512-qOebF53frne81cf0S9B41ByenJ3/IuH8yJKngAX35CmiZySA0khhkovshKK+jGCaMnVomla7gVlIcc3EvKPbTQ==
  /tunnel-agent/0.6.0:
    dependencies:
      safe-buffer: 5.2.0
    dev: false
    resolution:
      integrity: sha1-J6XeoGs2sEoKmWZ3SykIaPD8QP0=
  /tweetnacl/0.14.5:
    dev: false
    resolution:
      integrity: sha1-WuaBd/GS1EViadEIr6k/+HQ/T2Q=
  /typescript/3.7.5:
    dev: true
    engines:
      node: '>=4.2.0'
    hasBin: true
    resolution:
      integrity: sha512-/P5lkRXkWHNAbcJIiHPfRoKqyd7bsyCma1hZNUGfn20qm64T6ZBlrzprymeu918H+mB/0rIg2gGK/BXkhhYgBw==
  /uri-js/4.2.2:
    dependencies:
      punycode: 2.1.1
    dev: false
    resolution:
      integrity: sha512-KY9Frmirql91X2Qgjry0Wd4Y+YTdrdZheS8TFwvkbLWf/G5KNJDCh6pKL5OZctEW4+0Baa5idK2ZQuELRwPznQ==
  /util-deprecate/1.0.2:
    dev: false
    resolution:
      integrity: sha1-RQ1Nyfpw3nMnYvvS1KKJgUGaDM8=
  /uuid/3.4.0:
    dev: false
    hasBin: true
    resolution:
      integrity: sha512-HjSDRw6gZE5JMggctHBcjVak08+KEVhSIiDzFnT9S9aegmp85S/bReBVTb4QTFaRNptJ9kuYaNhnbNEOkbKb/A==
  /validate-npm-package-license/3.0.4:
    dependencies:
      spdx-correct: 3.1.0
      spdx-expression-parse: 3.0.0
    dev: false
    resolution:
      integrity: sha512-DpKm2Ui/xN7/HQKCtpZxoRWBhZ9Z0kqtygG8XCgNQ8ZlDnxuQmWhj566j8fN4Cu3/JmbhsDo7fcAJq4s9h27Ew==
  /verror/1.10.0:
    dependencies:
      assert-plus: 1.0.0
      core-util-is: 1.0.2
      extsprintf: 1.3.0
    dev: false
    engines:
      '0': node >=0.6.0
    resolution:
      integrity: sha1-OhBcoXBTr1XW4nDB+CiGguGNpAA=
  /which-module/1.0.0:
    dev: false
    resolution:
      integrity: sha1-u6Y8qGGUiZT/MHc2CJ47lgJsKk8=
  /which/1.3.1:
    dependencies:
      isexe: 2.0.0
    dev: false
    hasBin: true
    resolution:
      integrity: sha512-HxJdYWq1MTIQbJ3nw0cqssHoTNU267KlrDuGZ1WYlxDStUtKUhOaJmh112/TZmHxxUfuJqPXSOm7tDyas0OSIQ==
  /wide-align/1.1.3:
    dependencies:
      string-width: 1.0.2
    dev: false
    resolution:
      integrity: sha512-QGkOQc8XL6Bt5PwnsExKBPuMKBxnGxWWW3fU55Xt4feHozMUhdUMaBCk290qpm/wG5u/RSKzwdAC4i51YigihA==
  /wrap-ansi/2.1.0:
    dependencies:
      string-width: 1.0.2
      strip-ansi: 3.0.1
    dev: false
    engines:
      node: '>=0.10.0'
    resolution:
      integrity: sha1-2Pw9KE3QV5T+hJc8rs3Rz4JP3YU=
  /wrappy/1.0.2:
    dev: false
    resolution:
      integrity: sha1-tSQ9jz7BqjXxNkYFvA0QNuMKtp8=
  /y18n/3.2.1:
    dev: false
    resolution:
      integrity: sha1-bRX7qITAhnnA136I53WegR4H+kE=
  /yallist/2.1.2:
    dev: false
    resolution:
      integrity: sha1-HBH5IY8HYImkfdUS+TxmmaaoHVI=
  /yargs-parser/5.0.0:
    dependencies:
      camelcase: 3.0.0
    dev: false
    resolution:
      integrity: sha1-J17PDX/+Bcd+ZOfIbkzZS/DhIoo=
  /yargs/7.1.0:
    dependencies:
      camelcase: 3.0.0
      cliui: 3.2.0
      decamelize: 1.2.0
      get-caller-file: 1.0.3
      os-locale: 1.4.0
      read-pkg-up: 1.0.1
      require-directory: 2.1.1
      require-main-filename: 1.0.1
      set-blocking: 2.0.0
      string-width: 1.0.2
      which-module: 1.0.0
      y18n: 3.2.1
      yargs-parser: 5.0.0
    dev: false
    resolution:
      integrity: sha1-a6MY6xaWFyf10oT46gA+jWFU0Mg=
specifiers:
  '@rollup/plugin-typescript': ^3.0.0
  '@types/chrome': ^0.0.96
  node-sass: ^4.13.1
  rollup: ^1.31.1
  tslib: ^1.10.0
  typescript: ^3.7.5
